
Microsoft Visual Studio Solution File, Format Version 12.00
# Visual Studio Version 17
VisualStudioVersion = 17.13.35931.197 d17.13
MinimumVisualStudioVersion = 10.0.40219.1
Project("{FAE04EC0-301F-11D3-BF4B-00C04F79EFBC}") = "MilaTools", "MilaTools\MilaTools.csproj", "{F5C58CD9-9A0F-487F-925F-C426DF14C9B9}"
EndProject
Global
	GlobalSection(SolutionConfigurationPlatforms) = preSolution
		Debug|Any CPU = Debug|Any CPU
		Release|Any CPU = Release|Any CPU
	EndGlobalSection
	GlobalSection(ProjectConfigurationPlatforms) = postSolution
		{F5C58CD9-9A0F-487F-925F-C426DF14C9B9}.Debug|Any CPU.ActiveCfg = Debug|Any CPU
		{F5C58CD9-9A0F-487F-925F-C426DF14C9B9}.Debug|Any CPU.Build.0 = Debug|Any CPU
		{F5C58CD9-9A0F-487F-925F-C426DF14C9B9}.Release|Any CPU.ActiveCfg = Release|Any CPU
		{F5C58CD9-9A0F-487F-925F-C426DF14C9B9}.Release|Any CPU.Build.0 = Release|Any CPU
	EndGlobalSection
	GlobalSection(SolutionProperties) = preSolution
		HideSolutionNode = FALSE
	EndGlobalSection
	GlobalSection(ExtensibilityGlobals) = postSolution
		SolutionGuid = {3CDAFAE0-0EDF-4C4D-A9AC-CA9AF3606544}
	EndGlobalSection
EndGlobal
